// !$*UTF8*$!
{
	archiveVersion = 1;
	classes = {
	};
	objectVersion = 46;
	objects = {

/* Begin PBXBuildFile section */
		06B82A261DB2770F00508112 /* main.swift in Sources */ = {isa = PBXBuildFile; fileRef = 06B82A251DB2770F00508112 /* main.swift */; };
		06B82A2D1DB2779D00508112 /* JVVector.swift in Sources */ = {isa = PBXBuildFile; fileRef = 06B82A2C1DB2779D00508112 /* JVVector.swift */; };
		06B82A301DB2790800508112 /* vsip.framework in Frameworks */ = {isa = PBXBuildFile; fileRef = 06B82A2F1DB2790800508112 /* vsip.framework */; };
/* End PBXBuildFile section */

/* Begin PBXCopyFilesBuildPhase section */
		06B82A201DB2770E00508112 /* CopyFiles */ = {
			isa = PBXCopyFilesBuildPhase;
			buildActionMask = 2147483647;
			dstPath = /usr/share/man/man1/;
			dstSubfolderSpec = 0;
			files = (
			);
			runOnlyForDeploymentPostprocessing = 1;
		};
/* End PBXCopyFilesBuildPhase section */

/* Begin PBXFileReference section */
		06B82A221DB2770E00508112 /* JVExVector */ = {isa = PBXFileReference; explicitFileType = "compiled.mach-o.executable"; includeInIndex = 0; path = JVExVector; sourceTree = BUILT_PRODUCTS_DIR; };
		06B82A251DB2770F00508112 /* main.swift */ = {isa = PBXFileReference; lastKnownFileType = sourcecode.swift; path = main.swift; sourceTree = "<group>"; };
		06B82A2C1DB2779D00508112 /* JVVector.swift */ = {isa = PBXFileReference; fileEncoding = 4; lastKnownFileType = sourcecode.swift; path = JVVector.swift; sourceTree = "<group>"; };
		06B82A2F1DB2790800508112 /* vsip.framework */ = {isa = PBXFileReference; lastKnownFileType = wrapper.framework; name = vsip.framework; path = "../../../../../Library/Developer/Xcode/DerivedData/JVSwift-fpayrwngekyrycczyjblgdujnwyn/Build/Products/Release/vsip.framework"; sourceTree = "<group>"; };
/* End PBXFileReference section */

/* Begin PBXFrameworksBuildPhase section */
		06B82A1F1DB2770E00508112 /* Frameworks */ = {
			isa = PBXFrameworksBuildPhase;
			buildActionMask = 2147483647;
			files = (
				06B82A301DB2790800508112 /* vsip.framework in Frameworks */,
			);
			runOnlyForDeploymentPostprocessing = 0;
		};
/* End PBXFrameworksBuildPhase section */

/* Begin PBXGroup section */
		06B82A191DB2770E00508112 = {
			isa = PBXGroup;
			children = (
				06B82A241DB2770E00508112 /* JVExVector */,
				06B82A231DB2770E00508112 /* Products */,
				06B82A2E1DB2790800508112 /* Frameworks */,
			);
			sourceTree = "<group>";
		};
		06B82A231DB2770E00508112 /* Products */ = {
			isa = PBXGroup;
			children = (
				06B82A221DB2770E00508112 /* JVExVector */,
			);
			name = Products;
			sourceTree = "<group>";
		};
		06B82A241DB2770E00508112 /* JVExVector */ = {
			isa = PBXGroup;
			children = (
				06B82A251DB2770F00508112 /* main.swift */,
				06B82A2C1DB2779D00508112 /* JVVector.swift */,
			);
			path = JVExVector;
			sourceTree = "<group>";
		};
		06B82A2E1DB2790800508112 /* Frameworks */ = {
			isa = PBXGroup;
			children = (
				06B82A2F1DB2790800508112 /* vsip.framework */,
			);
			name = Frameworks;
			sourceTree = "<group>";
		};
/* End PBXGroup section */

/* Begin PBXNativeTarget section */
		06B82A211DB2770E00508112 /* JVExVector */ = {
			isa = PBXNativeTarget;
			buildConfigurationList = 06B82A291DB2770F00508112 /* Build configuration list for PBXNativeTarget "JVExVector" */;
			buildPhases = (
				06B82A1E1DB2770E00508112 /* Sources */,
				06B82A1F1DB2770E00508112 /* Frameworks */,
				06B82A201DB2770E00508112 /* CopyFiles */,
			);
			buildRules = (
			);
			dependencies = (
			);
			name = JVExVector;
			productName = JVExVector;
			productReference = 06B82A221DB2770E00508112 /* JVExVector */;
			productType = "com.apple.product-type.tool";
		};
/* End PBXNativeTarget section */

/* Begin PBXProject section */
		06B82A1A1DB2770E00508112 /* Project object */ = {
			isa = PBXProject;
			attributes = {
				LastSwiftUpdateCheck = 0800;
				LastUpgradeCheck = 0800;
				ORGANIZATIONNAME = JVSIP;
				TargetAttributes = {
					06B82A211DB2770E00508112 = {
						CreatedOnToolsVersion = 8.0;
						DevelopmentTeam = 62KA2JD6VA;
						ProvisioningStyle = Automatic;
					};
				};
			};
			buildConfigurationList = 06B82A1D1DB2770E00508112 /* Build configuration list for PBXProject "JVExVector" */;
			compatibilityVersion = "Xcode 3.2";
			developmentRegion = English;
			hasScannedForEncodings = 0;
			knownRegions = (
				en,
			);
			mainGroup = 06B82A191DB2770E00508112;
			productRefGroup = 06B82A231DB2770E00508112 /* Products */;
			projectDirPath = "";
			projectRoot = "";
			targets = (
				06B82A211DB2770E00508112 /* JVExVector */,
			);
		};
/* End PBXProject section */

/* Begin PBXSourcesBuildPhase section */
		06B82A1E1DB2770E00508112 /* Sources */ = {
			isa = PBXSourcesBuildPhase;
			buildActionMask = 2147483647;
			files = (
				06B82A2D1DB2779D00508112 /* JVVector.swift in Sources */,
				06B82A261DB2770F00508112 /* main.swift in Sources */,
			);
			runOnlyForDeploymentPostprocessing = 0;
		};
/* End PBXSourcesBuildPhase section */

/* Begin XCBuildConfiguration section */
		06B82A271DB2770F00508112 /* Debug */ = {
			isa = XCBuildConfiguration;
			buildSettings = {
				ALWAYS_SEARCH_USER_PATHS = NO;
				CLANG_ANALYZER_NONNULL = YES;
				CLANG_CXX_LANGUAGE_STANDARD = "gnu++0x";
				CLANG_CXX_LIBRARY = "libc++";
				CLANG_ENABLE_MODULES = YES;
				CLANG_ENABLE_OBJC_ARC = YES;
				CLANG_WARN_BOOL_CONVERSION = YES;
				CLANG_WARN_CONSTANT_CONVERSION = YES;
				CLANG_WARN_DIRECT_OBJC_ISA_USAGE = YES_ERROR;
				CLANG_WARN_DOCUMENTATION_COMMENTS = YES;
				CLANG_WARN_EMPTY_BODY = YES;
				CLANG_WARN_ENUM_CONVERSION = YES;
				CLANG_WARN_INFINITE_RECURSION = YES;
				CLANG_WARN_INT_CONVERSION = YES;
				CLANG_WARN_OBJC_ROOT_CLASS = YES_ERROR;
				CLANG_WARN_SUSPICIOUS_MOVES = YES;
				CLANG_WARN_UNREACHABLE_CODE = YES;
				CLANG_WARN__DUPLICATE_METHOD_MATCH = YES;
				CODE_SIGN_IDENTITY = "-";
				COPY_PHASE_STRIP = NO;
				DEBUG_INFORMATION_FORMAT = dwarf;
				ENABLE_STRICT_OBJC_MSGSEND = YES;
				ENABLE_TESTABILITY = YES;
				GCC_C_LANGUAGE_STANDARD = gnu99;
				GCC_DYNAMIC_NO_PIC = NO;
				GCC_NO_COMMON_BLOCKS = YES;
				GCC_OPTIMIZATION_LEVEL = 0;
				GCC_PREPROCESSOR_DEFINITIONS = (
					"DEBUG=1",
					"$(inherited)",
				);
				GCC_WARN_64_TO_32_BIT_CONVERSION = YES;
				GCC_WARN_ABOUT_RETURN_TYPE = YES_ERROR;
				GCC_WARN_UNDECLARED_SELECTOR = YES;
				GCC_WARN_UNINITIALIZED_AUTOS = YES_AGGRESSIVE;
				GCC_WARN_UNUSED_FUNCTION = YES;
				GCC_WARN_UNUSED_VARIABLE = YES;
				MACOSX_DEPLOYMENT_TARGET = 10.12;
				MTL_ENABLE_DEBUG_INFO = YES;
				ONLY_ACTIVE_ARCH = YES;
				SDKROOT = macosx;
				SWIFT_OPTIMIZATION_LEVEL = "-Onone";
			};
			name = Debug;
		};
		06B82A281DB2770F00508112 /* Release */ = {
			isa = XCBuildConfiguration;
			buildSettings = {
				ALWAYS_SEARCH_USER_PATHS = NO;
				CLANG_ANALYZER_NONNULL = YES;
				CLANG_CXX_LANGUAGE_STANDARD = "gnu++0x";
				CLANG_CXX_LIBRARY = "libc++";
				CLANG_ENABLE_MODULES = YES;
				CLANG_ENABLE_OBJC_ARC = YES;
				CLANG_WARN_BOOL_CONVERSION = YES;
				CLANG_WARN_CONSTANT_CONVERSION = YES;
				CLANG_WARN_DIRECT_OBJC_ISA_USAGE = YES_ERROR;
				CLANG_WARN_DOCUMENTATION_COMMENTS = YES;
				CLANG_WARN_EMPTY_BODY = YES;
				CLANG_WARN_ENUM_CONVERSION = YES;
				CLANG_WARN_INFINITE_RECURSION = YES;
				CLANG_WARN_INT_CONVERSION = YES;
				CLANG_WARN_OBJC_ROOT_CLASS = YES_ERROR;
				CLANG_WARN_SUSPICIOUS_MOVES = YES;
				CLANG_WARN_UNREACHABLE_CODE = YES;
				CLANG_WARN__DUPLICATE_METHOD_MATCH = YES;
				CODE_SIGN_IDENTITY = "-";
				COPY_PHASE_STRIP = NO;
				DEBUG_INFORMATION_FORMAT = "dwarf-with-dsym";
				ENABLE_NS_ASSERTIONS = NO;
				ENABLE_STRICT_OBJC_MSGSEND = YES;
				GCC_C_LANGUAGE_STANDARD = gnu99;
				GCC_NO_COMMON_BLOCKS = YES;
				GCC_WARN_64_TO_32_BIT_CONVERSION = YES;
				GCC_WARN_ABOUT_RETURN_TYPE = YES_ERROR;
				GCC_WARN_UNDECLARED_SELECTOR = YES;
				GCC_WARN_UNINITIALIZED_AUTOS = YES_AGGRESSIVE;
				GCC_WARN_UNUSED_FUNCTION = YES;
				GCC_WARN_UNUSED_VARIABLE = YES;
				MACOSX_DEPLOYMENT_TARGET = 10.12;
				MTL_ENABLE_DEBUG_INFO = NO;
				SDKROOT = macosx;
			};
			name = Release;
		};
		06B82A2A1DB2770F00508112 /* Debug */ = {
			isa = XCBuildConfiguration;
			buildSettings = {
				DEVELOPMENT_TEAM = 62KA2JD6VA;
				PRODUCT_NAME = "$(TARGET_NAME)";
				SWIFT_VERSION = 3.0;
			};
			name = Debug;
		};
		06B82A2B1DB2770F00508112 /* Release */ = {
			isa = XCBuildConfiguration;
			buildSettings = {
				DEVELOPMENT_TEAM = 62KA2JD6VA;
				PRODUCT_NAME = "$(TARGET_NAME)";
				SWIFT_VERSION = 3.0;
			};
			name = Release;
		};
/* End XCBuildConfiguration section */

/* Begin XCConfigurationList section */
		06B82A1D1DB2770E00508112 /* Build configuration list for PBXProject "JVExVector" */ = {
			isa = XCConfigurationList;
			buildConfigurations = (
				06B82A271DB2770F00508112 /* Debug */,
				06B82A281DB2770F00508112 /* Release */,
			);
			defaultConfigurationIsVisible = 0;
			defaultConfigurationName = Release;
		};
		06B82A291DB2770F00508112 /* Build configuration list for PBXNativeTarget "JVExVector" */ = {
			isa = XCConfigurationList;
			buildConfigurations = (
				06B82A2A1DB2770F00508112 /* Debug */,
				06B82A2B1DB2770F00508112 /* Release */,
			);
			defaultConfigurationIsVisible = 0;
			defaultConfigurationName = Release;
		};
/* End XCConfigurationList section */
	};
	rootObject = 06B82A1A1DB2770E00508112 /* Project object */;
}
