// !$*UTF8*$!
{
	archiveVersion = 1;
	classes = {
	};
	objectVersion = 46;
	objects = {

/* Begin PBXBuildFile section */
		06D8896F1E2EA3D100A4580A /* AppDelegate.swift in Sources */ = {isa = PBXBuildFile; fileRef = 06D8896E1E2EA3D100A4580A /* AppDelegate.swift */; };
		06D889711E2EA3D100A4580A /* Assets.xcassets in Resources */ = {isa = PBXBuildFile; fileRef = 06D889701E2EA3D100A4580A /* Assets.xcassets */; };
		06D889741E2EA3D100A4580A /* MainMenu.xib in Resources */ = {isa = PBXBuildFile; fileRef = 06D889721E2EA3D100A4580A /* MainMenu.xib */; };
		06D8897D1E2EA3F100A4580A /* vsip.framework in Frameworks */ = {isa = PBXBuildFile; fileRef = 06D8897C1E2EA3F100A4580A /* vsip.framework */; };
		06D8897F1E2EA3F600A4580A /* SwiftVsip.framework in Frameworks */ = {isa = PBXBuildFile; fileRef = 06D8897E1E2EA3F600A4580A /* SwiftVsip.framework */; };
		06D889821E2EA44A00A4580A /* MainWindowController.swift in Sources */ = {isa = PBXBuildFile; fileRef = 06D889801E2EA44A00A4580A /* MainWindowController.swift */; };
		06D889831E2EA44A00A4580A /* MainWindowController.xib in Resources */ = {isa = PBXBuildFile; fileRef = 06D889811E2EA44A00A4580A /* MainWindowController.xib */; };
/* End PBXBuildFile section */

/* Begin PBXFileReference section */
		06D8896B1E2EA3D100A4580A /* MatrixExplorer.app */ = {isa = PBXFileReference; explicitFileType = wrapper.application; includeInIndex = 0; path = MatrixExplorer.app; sourceTree = BUILT_PRODUCTS_DIR; };
		06D8896E1E2EA3D100A4580A /* AppDelegate.swift */ = {isa = PBXFileReference; lastKnownFileType = sourcecode.swift; path = AppDelegate.swift; sourceTree = "<group>"; };
		06D889701E2EA3D100A4580A /* Assets.xcassets */ = {isa = PBXFileReference; lastKnownFileType = folder.assetcatalog; path = Assets.xcassets; sourceTree = "<group>"; };
		06D889731E2EA3D100A4580A /* Base */ = {isa = PBXFileReference; lastKnownFileType = file.xib; name = Base; path = Base.lproj/MainMenu.xib; sourceTree = "<group>"; };
		06D889751E2EA3D100A4580A /* Info.plist */ = {isa = PBXFileReference; lastKnownFileType = text.plist.xml; path = Info.plist; sourceTree = "<group>"; };
		06D8897C1E2EA3F100A4580A /* vsip.framework */ = {isa = PBXFileReference; lastKnownFileType = wrapper.framework; name = vsip.framework; path = "../../../../../Library/Developer/Xcode/DerivedData/JVSwift-fbjswltwaxosubcifjwyvngruttw/Build/Products/Debug/vsip.framework"; sourceTree = "<group>"; };
		06D8897E1E2EA3F600A4580A /* SwiftVsip.framework */ = {isa = PBXFileReference; lastKnownFileType = wrapper.framework; name = SwiftVsip.framework; path = "../../../../../Library/Developer/Xcode/DerivedData/JVSwift-fbjswltwaxosubcifjwyvngruttw/Build/Products/Debug/SwiftVsip.framework"; sourceTree = "<group>"; };
		06D889801E2EA44A00A4580A /* MainWindowController.swift */ = {isa = PBXFileReference; fileEncoding = 4; lastKnownFileType = sourcecode.swift; path = MainWindowController.swift; sourceTree = "<group>"; };
		06D889811E2EA44A00A4580A /* MainWindowController.xib */ = {isa = PBXFileReference; fileEncoding = 4; lastKnownFileType = file.xib; path = MainWindowController.xib; sourceTree = "<group>"; };
/* End PBXFileReference section */

/* Begin PBXFrameworksBuildPhase section */
		06D889681E2EA3D100A4580A /* Frameworks */ = {
			isa = PBXFrameworksBuildPhase;
			buildActionMask = 2147483647;
			files = (
				06D8897F1E2EA3F600A4580A /* SwiftVsip.framework in Frameworks */,
				06D8897D1E2EA3F100A4580A /* vsip.framework in Frameworks */,
			);
			runOnlyForDeploymentPostprocessing = 0;
		};
/* End PBXFrameworksBuildPhase section */

/* Begin PBXGroup section */
		06D889621E2EA3D100A4580A = {
			isa = PBXGroup;
			children = (
				06D8896D1E2EA3D100A4580A /* MatrixExplorer */,
				06D8896C1E2EA3D100A4580A /* Products */,
				06D8897B1E2EA3F100A4580A /* Frameworks */,
			);
			sourceTree = "<group>";
		};
		06D8896C1E2EA3D100A4580A /* Products */ = {
			isa = PBXGroup;
			children = (
				06D8896B1E2EA3D100A4580A /* MatrixExplorer.app */,
			);
			name = Products;
			sourceTree = "<group>";
		};
		06D8896D1E2EA3D100A4580A /* MatrixExplorer */ = {
			isa = PBXGroup;
			children = (
				06D8896E1E2EA3D100A4580A /* AppDelegate.swift */,
				06D889701E2EA3D100A4580A /* Assets.xcassets */,
				06D889721E2EA3D100A4580A /* MainMenu.xib */,
				06D889751E2EA3D100A4580A /* Info.plist */,
				06D889801E2EA44A00A4580A /* MainWindowController.swift */,
				06D889811E2EA44A00A4580A /* MainWindowController.xib */,
			);
			path = MatrixExplorer;
			sourceTree = "<group>";
		};
		06D8897B1E2EA3F100A4580A /* Frameworks */ = {
			isa = PBXGroup;
			children = (
				06D8897E1E2EA3F600A4580A /* SwiftVsip.framework */,
				06D8897C1E2EA3F100A4580A /* vsip.framework */,
			);
			name = Frameworks;
			sourceTree = "<group>";
		};
/* End PBXGroup section */

/* Begin PBXNativeTarget section */
		06D8896A1E2EA3D100A4580A /* MatrixExplorer */ = {
			isa = PBXNativeTarget;
			buildConfigurationList = 06D889781E2EA3D100A4580A /* Build configuration list for PBXNativeTarget "MatrixExplorer" */;
			buildPhases = (
				06D889671E2EA3D100A4580A /* Sources */,
				06D889681E2EA3D100A4580A /* Frameworks */,
				06D889691E2EA3D100A4580A /* Resources */,
			);
			buildRules = (
			);
			dependencies = (
			);
			name = MatrixExplorer;
			productName = MatrixExplorer;
			productReference = 06D8896B1E2EA3D100A4580A /* MatrixExplorer.app */;
			productType = "com.apple.product-type.application";
		};
/* End PBXNativeTarget section */

/* Begin PBXProject section */
		06D889631E2EA3D100A4580A /* Project object */ = {
			isa = PBXProject;
			attributes = {
				LastSwiftUpdateCheck = 0820;
				LastUpgradeCheck = 1010;
				ORGANIZATIONNAME = JVSIP;
				TargetAttributes = {
					06D8896A1E2EA3D100A4580A = {
						CreatedOnToolsVersion = 8.2.1;
						ProvisioningStyle = Automatic;
					};
				};
			};
			buildConfigurationList = 06D889661E2EA3D100A4580A /* Build configuration list for PBXProject "MatrixExplorer" */;
			compatibilityVersion = "Xcode 3.2";
			developmentRegion = English;
			hasScannedForEncodings = 0;
			knownRegions = (
				en,
				Base,
			);
			mainGroup = 06D889621E2EA3D100A4580A;
			productRefGroup = 06D8896C1E2EA3D100A4580A /* Products */;
			projectDirPath = "";
			projectRoot = "";
			targets = (
				06D8896A1E2EA3D100A4580A /* MatrixExplorer */,
			);
		};
/* End PBXProject section */

/* Begin PBXResourcesBuildPhase section */
		06D889691E2EA3D100A4580A /* Resources */ = {
			isa = PBXResourcesBuildPhase;
			buildActionMask = 2147483647;
			files = (
				06D889711E2EA3D100A4580A /* Assets.xcassets in Resources */,
				06D889831E2EA44A00A4580A /* MainWindowController.xib in Resources */,
				06D889741E2EA3D100A4580A /* MainMenu.xib in Resources */,
			);
			runOnlyForDeploymentPostprocessing = 0;
		};
/* End PBXResourcesBuildPhase section */

/* Begin PBXSourcesBuildPhase section */
		06D889671E2EA3D100A4580A /* Sources */ = {
			isa = PBXSourcesBuildPhase;
			buildActionMask = 2147483647;
			files = (
				06D889821E2EA44A00A4580A /* MainWindowController.swift in Sources */,
				06D8896F1E2EA3D100A4580A /* AppDelegate.swift in Sources */,
			);
			runOnlyForDeploymentPostprocessing = 0;
		};
/* End PBXSourcesBuildPhase section */

/* Begin PBXVariantGroup section */
		06D889721E2EA3D100A4580A /* MainMenu.xib */ = {
			isa = PBXVariantGroup;
			children = (
				06D889731E2EA3D100A4580A /* Base */,
			);
			name = MainMenu.xib;
			sourceTree = "<group>";
		};
/* End PBXVariantGroup section */

/* Begin XCBuildConfiguration section */
		06D889761E2EA3D100A4580A /* Debug */ = {
			isa = XCBuildConfiguration;
			buildSettings = {
				ALWAYS_SEARCH_USER_PATHS = NO;
				CLANG_ANALYZER_NONNULL = YES;
				CLANG_CXX_LANGUAGE_STANDARD = "gnu++0x";
				CLANG_CXX_LIBRARY = "libc++";
				CLANG_ENABLE_MODULES = YES;
				CLANG_ENABLE_OBJC_ARC = YES;
				CLANG_WARN_BLOCK_CAPTURE_AUTORELEASING = YES;
				CLANG_WARN_BOOL_CONVERSION = YES;
				CLANG_WARN_COMMA = YES;
				CLANG_WARN_CONSTANT_CONVERSION = YES;
				CLANG_WARN_DEPRECATED_OBJC_IMPLEMENTATIONS = YES;
				CLANG_WARN_DIRECT_OBJC_ISA_USAGE = YES_ERROR;
				CLANG_WARN_DOCUMENTATION_COMMENTS = YES;
				CLANG_WARN_EMPTY_BODY = YES;
				CLANG_WARN_ENUM_CONVERSION = YES;
				CLANG_WARN_INFINITE_RECURSION = YES;
				CLANG_WARN_INT_CONVERSION = YES;
				CLANG_WARN_NON_LITERAL_NULL_CONVERSION = YES;
				CLANG_WARN_OBJC_IMPLICIT_RETAIN_SELF = YES;
				CLANG_WARN_OBJC_LITERAL_CONVERSION = YES;
				CLANG_WARN_OBJC_ROOT_CLASS = YES_ERROR;
				CLANG_WARN_RANGE_LOOP_ANALYSIS = YES;
				CLANG_WARN_STRICT_PROTOTYPES = YES;
				CLANG_WARN_SUSPICIOUS_MOVE = YES;
				CLANG_WARN_UNREACHABLE_CODE = YES;
				CLANG_WARN__DUPLICATE_METHOD_MATCH = YES;
				CODE_SIGN_IDENTITY = "-";
				COPY_PHASE_STRIP = NO;
				DEBUG_INFORMATION_FORMAT = dwarf;
				ENABLE_STRICT_OBJC_MSGSEND = YES;
				ENABLE_TESTABILITY = YES;
				GCC_C_LANGUAGE_STANDARD = gnu99;
				GCC_DYNAMIC_NO_PIC = NO;
				GCC_NO_COMMON_BLOCKS = YES;
				GCC_OPTIMIZATION_LEVEL = 0;
				GCC_PREPROCESSOR_DEFINITIONS = (
					"DEBUG=1",
					"$(inherited)",
				);
				GCC_WARN_64_TO_32_BIT_CONVERSION = YES;
				GCC_WARN_ABOUT_RETURN_TYPE = YES_ERROR;
				GCC_WARN_UNDECLARED_SELECTOR = YES;
				GCC_WARN_UNINITIALIZED_AUTOS = YES_AGGRESSIVE;
				GCC_WARN_UNUSED_FUNCTION = YES;
				GCC_WARN_UNUSED_VARIABLE = YES;
				MACOSX_DEPLOYMENT_TARGET = 10.14;
				MTL_ENABLE_DEBUG_INFO = YES;
				ONLY_ACTIVE_ARCH = YES;
				SDKROOT = macosx;
				SWIFT_ACTIVE_COMPILATION_CONDITIONS = DEBUG;
				SWIFT_OPTIMIZATION_LEVEL = "-Onone";
			};
			name = Debug;
		};
		06D889771E2EA3D100A4580A /* Release */ = {
			isa = XCBuildConfiguration;
			buildSettings = {
				ALWAYS_SEARCH_USER_PATHS = NO;
				CLANG_ANALYZER_NONNULL = YES;
				CLANG_CXX_LANGUAGE_STANDARD = "gnu++0x";
				CLANG_CXX_LIBRARY = "libc++";
				CLANG_ENABLE_MODULES = YES;
				CLANG_ENABLE_OBJC_ARC = YES;
				CLANG_WARN_BLOCK_CAPTURE_AUTORELEASING = YES;
				CLANG_WARN_BOOL_CONVERSION = YES;
				CLANG_WARN_COMMA = YES;
				CLANG_WARN_CONSTANT_CONVERSION = YES;
				CLANG_WARN_DEPRECATED_OBJC_IMPLEMENTATIONS = YES;
				CLANG_WARN_DIRECT_OBJC_ISA_USAGE = YES_ERROR;
				CLANG_WARN_DOCUMENTATION_COMMENTS = YES;
				CLANG_WARN_EMPTY_BODY = YES;
				CLANG_WARN_ENUM_CONVERSION = YES;
				CLANG_WARN_INFINITE_RECURSION = YES;
				CLANG_WARN_INT_CONVERSION = YES;
				CLANG_WARN_NON_LITERAL_NULL_CONVERSION = YES;
				CLANG_WARN_OBJC_IMPLICIT_RETAIN_SELF = YES;
				CLANG_WARN_OBJC_LITERAL_CONVERSION = YES;
				CLANG_WARN_OBJC_ROOT_CLASS = YES_ERROR;
				CLANG_WARN_RANGE_LOOP_ANALYSIS = YES;
				CLANG_WARN_STRICT_PROTOTYPES = YES;
				CLANG_WARN_SUSPICIOUS_MOVE = YES;
				CLANG_WARN_UNREACHABLE_CODE = YES;
				CLANG_WARN__DUPLICATE_METHOD_MATCH = YES;
				CODE_SIGN_IDENTITY = "-";
				COPY_PHASE_STRIP = NO;
				DEBUG_INFORMATION_FORMAT = "dwarf-with-dsym";
				ENABLE_NS_ASSERTIONS = NO;
				ENABLE_STRICT_OBJC_MSGSEND = YES;
				GCC_C_LANGUAGE_STANDARD = gnu99;
				GCC_NO_COMMON_BLOCKS = YES;
				GCC_WARN_64_TO_32_BIT_CONVERSION = YES;
				GCC_WARN_ABOUT_RETURN_TYPE = YES_ERROR;
				GCC_WARN_UNDECLARED_SELECTOR = YES;
				GCC_WARN_UNINITIALIZED_AUTOS = YES_AGGRESSIVE;
				GCC_WARN_UNUSED_FUNCTION = YES;
				GCC_WARN_UNUSED_VARIABLE = YES;
				MACOSX_DEPLOYMENT_TARGET = 10.14;
				MTL_ENABLE_DEBUG_INFO = NO;
				SDKROOT = macosx;
				SWIFT_OPTIMIZATION_LEVEL = "-Owholemodule";
			};
			name = Release;
		};
		06D889791E2EA3D100A4580A /* Debug */ = {
			isa = XCBuildConfiguration;
			buildSettings = {
				ASSETCATALOG_COMPILER_APPICON_NAME = AppIcon;
				COMBINE_HIDPI_IMAGES = YES;
				INFOPLIST_FILE = MatrixExplorer/Info.plist;
				LD_RUNPATH_SEARCH_PATHS = "$(inherited) @executable_path/../Frameworks";
				PRODUCT_BUNDLE_IDENTIFIER = JVSIP.MatrixExplorer;
				PRODUCT_NAME = "$(TARGET_NAME)";
				SWIFT_VERSION = 4.2;
			};
			name = Debug;
		};
		06D8897A1E2EA3D100A4580A /* Release */ = {
			isa = XCBuildConfiguration;
			buildSettings = {
				ASSETCATALOG_COMPILER_APPICON_NAME = AppIcon;
				COMBINE_HIDPI_IMAGES = YES;
				INFOPLIST_FILE = MatrixExplorer/Info.plist;
				LD_RUNPATH_SEARCH_PATHS = "$(inherited) @executable_path/../Frameworks";
				PRODUCT_BUNDLE_IDENTIFIER = JVSIP.MatrixExplorer;
				PRODUCT_NAME = "$(TARGET_NAME)";
				SWIFT_VERSION = 4.2;
			};
			name = Release;
		};
/* End XCBuildConfiguration section */

/* Begin XCConfigurationList section */
		06D889661E2EA3D100A4580A /* Build configuration list for PBXProject "MatrixExplorer" */ = {
			isa = XCConfigurationList;
			buildConfigurations = (
				06D889761E2EA3D100A4580A /* Debug */,
				06D889771E2EA3D100A4580A /* Release */,
			);
			defaultConfigurationIsVisible = 0;
			defaultConfigurationName = Release;
		};
		06D889781E2EA3D100A4580A /* Build configuration list for PBXNativeTarget "MatrixExplorer" */ = {
			isa = XCConfigurationList;
			buildConfigurations = (
				06D889791E2EA3D100A4580A /* Debug */,
				06D8897A1E2EA3D100A4580A /* Release */,
			);
			defaultConfigurationIsVisible = 0;
			defaultConfigurationName = Release;
		};
/* End XCConfigurationList section */
	};
	rootObject = 06D889631E2EA3D100A4580A /* Project object */;
}
