// !$*UTF8*$!
{
	archiveVersion = 1;
	classes = {
	};
	objectVersion = 46;
	objects = {

/* Begin PBXBuildFile section */
		0609F9091AE6149B00C6FCFA /* main.cpp in Sources */ = {isa = PBXBuildFile; fileRef = 0609F9081AE6149B00C6FCFA /* main.cpp */; };
		0609F9181AE68D1800C6FCFA /* libvsip.a in Frameworks */ = {isa = PBXBuildFile; fileRef = 0609F9171AE68D1800C6FCFA /* libvsip.a */; };
/* End PBXBuildFile section */

/* Begin PBXCopyFilesBuildPhase section */
		0609F9031AE6149B00C6FCFA /* CopyFiles */ = {
			isa = PBXCopyFilesBuildPhase;
			buildActionMask = 2147483647;
			dstPath = /usr/share/man/man1/;
			dstSubfolderSpec = 0;
			files = (
			);
			runOnlyForDeploymentPostprocessing = 1;
		};
/* End PBXCopyFilesBuildPhase section */

/* Begin PBXFileReference section */
		0609F9051AE6149B00C6FCFA /* supportTest */ = {isa = PBXFileReference; explicitFileType = "compiled.mach-o.executable"; includeInIndex = 0; path = supportTest; sourceTree = BUILT_PRODUCTS_DIR; };
		0609F9081AE6149B00C6FCFA /* main.cpp */ = {isa = PBXFileReference; lastKnownFileType = sourcecode.cpp.cpp; path = main.cpp; sourceTree = "<group>"; };
		0609F9171AE68D1800C6FCFA /* libvsip.a */ = {isa = PBXFileReference; lastKnownFileType = archive.ar; name = libvsip.a; path = ../../../lib/libvsip.a; sourceTree = "<group>"; };
/* End PBXFileReference section */

/* Begin PBXFrameworksBuildPhase section */
		0609F9021AE6149B00C6FCFA /* Frameworks */ = {
			isa = PBXFrameworksBuildPhase;
			buildActionMask = 2147483647;
			files = (
				0609F9181AE68D1800C6FCFA /* libvsip.a in Frameworks */,
			);
			runOnlyForDeploymentPostprocessing = 0;
		};
/* End PBXFrameworksBuildPhase section */

/* Begin PBXGroup section */
		0609F8FC1AE6149B00C6FCFA = {
			isa = PBXGroup;
			children = (
				0609F9171AE68D1800C6FCFA /* libvsip.a */,
				0609F9071AE6149B00C6FCFA /* supportTest */,
				0609F9061AE6149B00C6FCFA /* Products */,
			);
			sourceTree = "<group>";
		};
		0609F9061AE6149B00C6FCFA /* Products */ = {
			isa = PBXGroup;
			children = (
				0609F9051AE6149B00C6FCFA /* supportTest */,
			);
			name = Products;
			sourceTree = "<group>";
		};
		0609F9071AE6149B00C6FCFA /* supportTest */ = {
			isa = PBXGroup;
			children = (
				0609F9081AE6149B00C6FCFA /* main.cpp */,
			);
			path = supportTest;
			sourceTree = "<group>";
		};
/* End PBXGroup section */

/* Begin PBXNativeTarget section */
		0609F9041AE6149B00C6FCFA /* supportTest */ = {
			isa = PBXNativeTarget;
			buildConfigurationList = 0609F90C1AE6149B00C6FCFA /* Build configuration list for PBXNativeTarget "supportTest" */;
			buildPhases = (
				0609F9011AE6149B00C6FCFA /* Sources */,
				0609F9021AE6149B00C6FCFA /* Frameworks */,
				0609F9031AE6149B00C6FCFA /* CopyFiles */,
			);
			buildRules = (
			);
			dependencies = (
			);
			name = supportTest;
			productName = supportTest;
			productReference = 0609F9051AE6149B00C6FCFA /* supportTest */;
			productType = "com.apple.product-type.tool";
		};
/* End PBXNativeTarget section */

/* Begin PBXProject section */
		0609F8FD1AE6149B00C6FCFA /* Project object */ = {
			isa = PBXProject;
			attributes = {
				LastUpgradeCheck = 0630;
				ORGANIZATIONNAME = "RANDALL JUDD";
				TargetAttributes = {
					0609F9041AE6149B00C6FCFA = {
						CreatedOnToolsVersion = 6.3;
					};
				};
			};
			buildConfigurationList = 0609F9001AE6149B00C6FCFA /* Build configuration list for PBXProject "supportTest" */;
			compatibilityVersion = "Xcode 3.2";
			developmentRegion = English;
			hasScannedForEncodings = 0;
			knownRegions = (
				en,
			);
			mainGroup = 0609F8FC1AE6149B00C6FCFA;
			productRefGroup = 0609F9061AE6149B00C6FCFA /* Products */;
			projectDirPath = "";
			projectRoot = "";
			targets = (
				0609F9041AE6149B00C6FCFA /* supportTest */,
			);
		};
/* End PBXProject section */

/* Begin PBXSourcesBuildPhase section */
		0609F9011AE6149B00C6FCFA /* Sources */ = {
			isa = PBXSourcesBuildPhase;
			buildActionMask = 2147483647;
			files = (
				0609F9091AE6149B00C6FCFA /* main.cpp in Sources */,
			);
			runOnlyForDeploymentPostprocessing = 0;
		};
/* End PBXSourcesBuildPhase section */

/* Begin XCBuildConfiguration section */
		0609F90A1AE6149B00C6FCFA /* Debug */ = {
			isa = XCBuildConfiguration;
			buildSettings = {
				ALWAYS_SEARCH_USER_PATHS = NO;
				CLANG_CXX_LANGUAGE_STANDARD = "gnu++0x";
				CLANG_CXX_LIBRARY = "libc++";
				CLANG_ENABLE_MODULES = YES;
				CLANG_ENABLE_OBJC_ARC = YES;
				CLANG_WARN_BOOL_CONVERSION = YES;
				CLANG_WARN_CONSTANT_CONVERSION = YES;
				CLANG_WARN_DIRECT_OBJC_ISA_USAGE = YES_ERROR;
				CLANG_WARN_EMPTY_BODY = YES;
				CLANG_WARN_ENUM_CONVERSION = YES;
				CLANG_WARN_INT_CONVERSION = YES;
				CLANG_WARN_OBJC_ROOT_CLASS = YES_ERROR;
				CLANG_WARN_UNREACHABLE_CODE = YES;
				CLANG_WARN__DUPLICATE_METHOD_MATCH = YES;
				COPY_PHASE_STRIP = NO;
				DEBUG_INFORMATION_FORMAT = dwarf;
				ENABLE_STRICT_OBJC_MSGSEND = YES;
				GCC_C_LANGUAGE_STANDARD = gnu99;
				GCC_DYNAMIC_NO_PIC = NO;
				GCC_NO_COMMON_BLOCKS = YES;
				GCC_OPTIMIZATION_LEVEL = 0;
				GCC_PREPROCESSOR_DEFINITIONS = (
					"DEBUG=1",
					"$(inherited)",
				);
				GCC_SYMBOLS_PRIVATE_EXTERN = NO;
				GCC_WARN_64_TO_32_BIT_CONVERSION = YES;
				GCC_WARN_ABOUT_RETURN_TYPE = YES_ERROR;
				GCC_WARN_UNDECLARED_SELECTOR = YES;
				GCC_WARN_UNINITIALIZED_AUTOS = YES_AGGRESSIVE;
				GCC_WARN_UNUSED_FUNCTION = YES;
				GCC_WARN_UNUSED_VARIABLE = YES;
				MACOSX_DEPLOYMENT_TARGET = 10.10;
				MTL_ENABLE_DEBUG_INFO = YES;
				ONLY_ACTIVE_ARCH = YES;
				SDKROOT = macosx;
			};
			name = Debug;
		};
		0609F90B1AE6149B00C6FCFA /* Release */ = {
			isa = XCBuildConfiguration;
			buildSettings = {
				ALWAYS_SEARCH_USER_PATHS = NO;
				CLANG_CXX_LANGUAGE_STANDARD = "gnu++0x";
				CLANG_CXX_LIBRARY = "libc++";
				CLANG_ENABLE_MODULES = YES;
				CLANG_ENABLE_OBJC_ARC = YES;
				CLANG_WARN_BOOL_CONVERSION = YES;
				CLANG_WARN_CONSTANT_CONVERSION = YES;
				CLANG_WARN_DIRECT_OBJC_ISA_USAGE = YES_ERROR;
				CLANG_WARN_EMPTY_BODY = YES;
				CLANG_WARN_ENUM_CONVERSION = YES;
				CLANG_WARN_INT_CONVERSION = YES;
				CLANG_WARN_OBJC_ROOT_CLASS = YES_ERROR;
				CLANG_WARN_UNREACHABLE_CODE = YES;
				CLANG_WARN__DUPLICATE_METHOD_MATCH = YES;
				COPY_PHASE_STRIP = NO;
				DEBUG_INFORMATION_FORMAT = "dwarf-with-dsym";
				ENABLE_NS_ASSERTIONS = NO;
				ENABLE_STRICT_OBJC_MSGSEND = YES;
				GCC_C_LANGUAGE_STANDARD = gnu99;
				GCC_NO_COMMON_BLOCKS = YES;
				GCC_WARN_64_TO_32_BIT_CONVERSION = YES;
				GCC_WARN_ABOUT_RETURN_TYPE = YES_ERROR;
				GCC_WARN_UNDECLARED_SELECTOR = YES;
				GCC_WARN_UNINITIALIZED_AUTOS = YES_AGGRESSIVE;
				GCC_WARN_UNUSED_FUNCTION = YES;
				GCC_WARN_UNUSED_VARIABLE = YES;
				MACOSX_DEPLOYMENT_TARGET = 10.10;
				MTL_ENABLE_DEBUG_INFO = NO;
				SDKROOT = macosx;
			};
			name = Release;
		};
		0609F90D1AE6149B00C6FCFA /* Debug */ = {
			isa = XCBuildConfiguration;
			buildSettings = {
				ALWAYS_SEARCH_USER_PATHS = YES;
				HEADER_SEARCH_PATHS = (
					"$(inherited)",
					/Applications/Xcode.app/Contents/Developer/Toolchains/XcodeDefault.xctoolchain/usr/include,
					"$(SRCROOT)/../../cppJvsip",
					"$(SRCROOT)/../../../include",
				);
				LIBRARY_SEARCH_PATHS = (
					"$(SRCROOT)/../../../lib",
					/Users/judd/local/src/jvsip/lib,
					"$(USER_LIBRARY_DIR)/Developer/Xcode/DerivedData/cppJvsip-agzracixiephysbyrzmbbrpjnktj/Build/Products/Debug",
					"/Users/judd/Library/Developer/Xcode/DerivedData/cppJvsip-agzracixiephysbyrzmbbrpjnktj/Build/Products/Debug",
				);
				PRODUCT_NAME = "$(TARGET_NAME)";
			};
			name = Debug;
		};
		0609F90E1AE6149B00C6FCFA /* Release */ = {
			isa = XCBuildConfiguration;
			buildSettings = {
				ALWAYS_SEARCH_USER_PATHS = YES;
				HEADER_SEARCH_PATHS = (
					"$(inherited)",
					/Applications/Xcode.app/Contents/Developer/Toolchains/XcodeDefault.xctoolchain/usr/include,
					"$(SRCROOT)/../../cppJvsip",
					"$(SRCROOT)/../../../include",
				);
				LIBRARY_SEARCH_PATHS = (
					"$(SRCROOT)/../../../lib",
					/Users/judd/local/src/jvsip/lib,
					"$(USER_LIBRARY_DIR)/Developer/Xcode/DerivedData/cppJvsip-agzracixiephysbyrzmbbrpjnktj/Build/Products/Debug",
					"/Users/judd/Library/Developer/Xcode/DerivedData/cppJvsip-agzracixiephysbyrzmbbrpjnktj/Build/Products/Debug",
				);
				PRODUCT_NAME = "$(TARGET_NAME)";
			};
			name = Release;
		};
/* End XCBuildConfiguration section */

/* Begin XCConfigurationList section */
		0609F9001AE6149B00C6FCFA /* Build configuration list for PBXProject "supportTest" */ = {
			isa = XCConfigurationList;
			buildConfigurations = (
				0609F90A1AE6149B00C6FCFA /* Debug */,
				0609F90B1AE6149B00C6FCFA /* Release */,
			);
			defaultConfigurationIsVisible = 0;
			defaultConfigurationName = Release;
		};
		0609F90C1AE6149B00C6FCFA /* Build configuration list for PBXNativeTarget "supportTest" */ = {
			isa = XCConfigurationList;
			buildConfigurations = (
				0609F90D1AE6149B00C6FCFA /* Debug */,
				0609F90E1AE6149B00C6FCFA /* Release */,
			);
			defaultConfigurationIsVisible = 0;
			defaultConfigurationName = Release;
		};
/* End XCConfigurationList section */
	};
	rootObject = 0609F8FD1AE6149B00C6FCFA /* Project object */;
}
